
Microsoft Visual Studio Solution File, Format Version 12.00
# Visual Studio Version 17
VisualStudioVersion = 17.7.34221.43
MinimumVisualStudioVersion = 10.0.40219.1
Project("{FAE04EC0-301F-11D3-BF4B-00C04F79EFBC}") = "DapperSuperhero", "DapperSuperhero\DapperSuperhero.csproj", "{27C0BEF1-FF12-4564-9FCD-4C0E1C1C741B}"
EndProject
Global
	GlobalSection(SolutionConfigurationPlatforms) = preSolution
		Debug|Any CPU = Debug|Any CPU
		Release|Any CPU = Release|Any CPU
	EndGlobalSection
	GlobalSection(ProjectConfigurationPlatforms) = postSolution
		{27C0BEF1-FF12-4564-9FCD-4C0E1C1C741B}.Debug|Any CPU.ActiveCfg = Debug|Any CPU
		{27C0BEF1-FF12-4564-9FCD-4C0E1C1C741B}.Debug|Any CPU.Build.0 = Debug|Any CPU
		{27C0BEF1-FF12-4564-9FCD-4C0E1C1C741B}.Release|Any CPU.ActiveCfg = Release|Any CPU
		{27C0BEF1-FF12-4564-9FCD-4C0E1C1C741B}.Release|Any CPU.Build.0 = Release|Any CPU
	EndGlobalSection
	GlobalSection(SolutionProperties) = preSolution
		HideSolutionNode = FALSE
	EndGlobalSection
	GlobalSection(ExtensibilityGlobals) = postSolution
		SolutionGuid = {5DFB1B55-9B76-4773-86A7-39EEEB14DC4A}
	EndGlobalSection
EndGlobal
